
Microsoft Visual Studio Solution File, Format Version 12.00
# Visual Studio Version 17
VisualStudioVersion = 17.10.34814.14
MinimumVisualStudioVersion = 10.0.40219.1
Project("{FAE04EC0-301F-11D3-BF4B-00C04F79EFBC}") = "EFCoreDesignTimeCustomizations", "EFCoreDesignTimeCustomizations\EFCoreDesignTimeCustomizations.csproj", "{4D2BA292-1A9B-4C4E-AB36-085735BD033D}"
EndProject
Project("{FAE04EC0-301F-11D3-BF4B-00C04F79EFBC}") = "EFCoreDesignTimeCustomizations.Design", "EFCoreDesignTimeCustomizations.Design\EFCoreDesignTimeCustomizations.Design.csproj", "{A0D7F58D-7795-4D35-B9C2-507DB0F8785F}"
EndProject
Global
	GlobalSection(SolutionConfigurationPlatforms) = preSolution
		Debug|Any CPU = Debug|Any CPU
		Release|Any CPU = Release|Any CPU
	EndGlobalSection
	GlobalSection(ProjectConfigurationPlatforms) = postSolution
		{4D2BA292-1A9B-4C4E-AB36-085735BD033D}.Debug|Any CPU.ActiveCfg = Debug|Any CPU
		{4D2BA292-1A9B-4C4E-AB36-085735BD033D}.Debug|Any CPU.Build.0 = Debug|Any CPU
		{4D2BA292-1A9B-4C4E-AB36-085735BD033D}.Release|Any CPU.ActiveCfg = Release|Any CPU
		{4D2BA292-1A9B-4C4E-AB36-085735BD033D}.Release|Any CPU.Build.0 = Release|Any CPU
		{A0D7F58D-7795-4D35-B9C2-507DB0F8785F}.Debug|Any CPU.ActiveCfg = Debug|Any CPU
		{A0D7F58D-7795-4D35-B9C2-507DB0F8785F}.Debug|Any CPU.Build.0 = Debug|Any CPU
		{A0D7F58D-7795-4D35-B9C2-507DB0F8785F}.Release|Any CPU.ActiveCfg = Release|Any CPU
		{A0D7F58D-7795-4D35-B9C2-507DB0F8785F}.Release|Any CPU.Build.0 = Release|Any CPU
	EndGlobalSection
	GlobalSection(SolutionProperties) = preSolution
		HideSolutionNode = FALSE
	EndGlobalSection
	GlobalSection(ExtensibilityGlobals) = postSolution
		SolutionGuid = {ED56EF24-3DE6-4B53-B75E-51F8200E8226}
	EndGlobalSection
EndGlobal
